
Microsoft Visual Studio Solution File, Format Version 12.00
# Visual Studio 2013
VisualStudioVersion = 12.0.31101.0
MinimumVisualStudioVersion = 10.0.40219.1
Project("{FAE04EC0-301F-11D3-BF4B-00C04F79EFBC}") = "SokName", "SokName\SokName.csproj", "{BBF2CE14-48CC-4CCE-982E-7EEDFEF971B1}"
EndProject
Project("{FAE04EC0-301F-11D3-BF4B-00C04F79EFBC}") = "EndScreen", "EndScreen\EndScreen.csproj", "{7B00ED29-8865-4DA0-8570-2712D2D864C0}"
EndProject
Project("{FAE04EC0-301F-11D3-BF4B-00C04F79EFBC}") = "EndLevel", "EndLevel\EndLevel.csproj", "{8D7A16EB-8CC0-4966-9D5F-BC35ADA723C8}"
EndProject
Project("{FAE04EC0-301F-11D3-BF4B-00C04F79EFBC}") = "Merged", "Unified\Merged.csproj", "{55EF0ACB-88A5-42FD-953D-A77CFE693684}"
EndProject
Global
	GlobalSection(SolutionConfigurationPlatforms) = preSolution
		Debug|Any CPU = Debug|Any CPU
		Release|Any CPU = Release|Any CPU
	EndGlobalSection
	GlobalSection(ProjectConfigurationPlatforms) = postSolution
		{BBF2CE14-48CC-4CCE-982E-7EEDFEF971B1}.Debug|Any CPU.ActiveCfg = Debug|Any CPU
		{BBF2CE14-48CC-4CCE-982E-7EEDFEF971B1}.Debug|Any CPU.Build.0 = Debug|Any CPU
		{BBF2CE14-48CC-4CCE-982E-7EEDFEF971B1}.Release|Any CPU.ActiveCfg = Release|Any CPU
		{BBF2CE14-48CC-4CCE-982E-7EEDFEF971B1}.Release|Any CPU.Build.0 = Release|Any CPU
		{7B00ED29-8865-4DA0-8570-2712D2D864C0}.Debug|Any CPU.ActiveCfg = Debug|Any CPU
		{7B00ED29-8865-4DA0-8570-2712D2D864C0}.Debug|Any CPU.Build.0 = Debug|Any CPU
		{7B00ED29-8865-4DA0-8570-2712D2D864C0}.Release|Any CPU.ActiveCfg = Release|Any CPU
		{7B00ED29-8865-4DA0-8570-2712D2D864C0}.Release|Any CPU.Build.0 = Release|Any CPU
		{8D7A16EB-8CC0-4966-9D5F-BC35ADA723C8}.Debug|Any CPU.ActiveCfg = Debug|Any CPU
		{8D7A16EB-8CC0-4966-9D5F-BC35ADA723C8}.Debug|Any CPU.Build.0 = Debug|Any CPU
		{8D7A16EB-8CC0-4966-9D5F-BC35ADA723C8}.Release|Any CPU.ActiveCfg = Release|Any CPU
		{8D7A16EB-8CC0-4966-9D5F-BC35ADA723C8}.Release|Any CPU.Build.0 = Release|Any CPU
		{55EF0ACB-88A5-42FD-953D-A77CFE693684}.Debug|Any CPU.ActiveCfg = Debug|Any CPU
		{55EF0ACB-88A5-42FD-953D-A77CFE693684}.Debug|Any CPU.Build.0 = Debug|Any CPU
		{55EF0ACB-88A5-42FD-953D-A77CFE693684}.Release|Any CPU.ActiveCfg = Release|Any CPU
		{55EF0ACB-88A5-42FD-953D-A77CFE693684}.Release|Any CPU.Build.0 = Release|Any CPU
	EndGlobalSection
	GlobalSection(SolutionProperties) = preSolution
		HideSolutionNode = FALSE
	EndGlobalSection
EndGlobal
