
Microsoft Visual Studio Solution File, Format Version 12.00
# Visual Studio 14
VisualStudioVersion = 14.0.22823.1
MinimumVisualStudioVersion = 10.0.40219.1
Project("{FAE04EC0-301F-11D3-BF4B-00C04F79EFBC}") = "Sokoban", "Sokoban\Sokoban.csproj", "{FDE5D4D7-AD6A-4CCF-A7D8-3166E161ACCA}"
EndProject
Project("{FAE04EC0-301F-11D3-BF4B-00C04F79EFBC}") = "CopyTest", "CopyTest\CopyTest.csproj", "{D6434EAF-7CC4-40EC-BC9D-927B7D0AC73B}"
EndProject
Global
	GlobalSection(SolutionConfigurationPlatforms) = preSolution
		Debug|Any CPU = Debug|Any CPU
		Release|Any CPU = Release|Any CPU
	EndGlobalSection
	GlobalSection(ProjectConfigurationPlatforms) = postSolution
		{FDE5D4D7-AD6A-4CCF-A7D8-3166E161ACCA}.Debug|Any CPU.ActiveCfg = Debug|Any CPU
		{FDE5D4D7-AD6A-4CCF-A7D8-3166E161ACCA}.Debug|Any CPU.Build.0 = Debug|Any CPU
		{FDE5D4D7-AD6A-4CCF-A7D8-3166E161ACCA}.Release|Any CPU.ActiveCfg = Release|Any CPU
		{FDE5D4D7-AD6A-4CCF-A7D8-3166E161ACCA}.Release|Any CPU.Build.0 = Release|Any CPU
		{D6434EAF-7CC4-40EC-BC9D-927B7D0AC73B}.Debug|Any CPU.ActiveCfg = Debug|Any CPU
		{D6434EAF-7CC4-40EC-BC9D-927B7D0AC73B}.Debug|Any CPU.Build.0 = Debug|Any CPU
		{D6434EAF-7CC4-40EC-BC9D-927B7D0AC73B}.Release|Any CPU.ActiveCfg = Release|Any CPU
		{D6434EAF-7CC4-40EC-BC9D-927B7D0AC73B}.Release|Any CPU.Build.0 = Release|Any CPU
	EndGlobalSection
	GlobalSection(SolutionProperties) = preSolution
		HideSolutionNode = FALSE
	EndGlobalSection
EndGlobal
